
Microsoft Visual Studio Solution File, Format Version 12.00
# Visual Studio Version 16
VisualStudioVersion = 16.0.30011.22
MinimumVisualStudioVersion = 10.0.40219.1
Project("{FAE04EC0-301F-11D3-BF4B-00C04F79EFBC}") = "AppSub", "OnBreak(MDT)V.2\AppSub.csproj", "{8C75B551-0CF2-4C1F-A8C3-74416F7BBFB2}"
EndProject
Global
	GlobalSection(SolutionConfigurationPlatforms) = preSolution
		Debug|Any CPU = Debug|Any CPU
		Release|Any CPU = Release|Any CPU
	EndGlobalSection
	GlobalSection(ProjectConfigurationPlatforms) = postSolution
		{8C75B551-0CF2-4C1F-A8C3-74416F7BBFB2}.Debug|Any CPU.ActiveCfg = Debug|Any CPU
		{8C75B551-0CF2-4C1F-A8C3-74416F7BBFB2}.Debug|Any CPU.Build.0 = Debug|Any CPU
		{8C75B551-0CF2-4C1F-A8C3-74416F7BBFB2}.Release|Any CPU.ActiveCfg = Release|Any CPU
		{8C75B551-0CF2-4C1F-A8C3-74416F7BBFB2}.Release|Any CPU.Build.0 = Release|Any CPU
	EndGlobalSection
	GlobalSection(SolutionProperties) = preSolution
		HideSolutionNode = FALSE
	EndGlobalSection
	GlobalSection(ExtensibilityGlobals) = postSolution
		SolutionGuid = {3A4836E8-931F-4B12-A6E7-41326D050250}
	EndGlobalSection
EndGlobal
